
Microsoft Visual Studio Solution File, Format Version 12.00
# Visual Studio Version 16
VisualStudioVersion = 16.0.31321.278
MinimumVisualStudioVersion = 10.0.40219.1
Project("{FAE04EC0-301F-11D3-BF4B-00C04F79EFBC}") = "ConsoleClient", "ConsoleClient\ConsoleClient.csproj", "{D75AA8DA-482A-439A-B17E-EE6BEBA51CF5}"
EndProject
Project("{2150E333-8FDC-42A3-9474-1A3956D46DE8}") = "UI", "UI", "{4378A9B6-3535-4882-853A-C1983799FDD7}"
EndProject
Project("{2150E333-8FDC-42A3-9474-1A3956D46DE8}") = "Infrastructure", "Infrastructure", "{DA40F6B2-71F9-4479-9002-AFD6EA592F0A}"
EndProject
Project("{FAE04EC0-301F-11D3-BF4B-00C04F79EFBC}") = "Mappings", "Mappings\Mappings.csproj", "{D21E0822-ED34-45DD-89FD-B969B4DC83C3}"
EndProject
Project("{2150E333-8FDC-42A3-9474-1A3956D46DE8}") = "DataAccessLayer", "DataAccessLayer", "{0AD3773E-4D16-4037-8D28-A5D76B13BB15}"
EndProject
Project("{2150E333-8FDC-42A3-9474-1A3956D46DE8}") = "LogicLayer", "LogicLayer", "{0A1D69D3-4EC2-48B8-852E-B91A5C52E1AE}"
EndProject
Project("{2150E333-8FDC-42A3-9474-1A3956D46DE8}") = "CrossCuttingLayer", "CrossCuttingLayer", "{83FB42D8-814F-4917-97D8-E12E98D63DFC}"
EndProject
Project("{FAE04EC0-301F-11D3-BF4B-00C04F79EFBC}") = "CrossCutting", "CrossCutting\CrossCutting.csproj", "{9800E3FD-AD8D-4A41-983B-E8C5DF67CBE9}"
EndProject
Project("{FAE04EC0-301F-11D3-BF4B-00C04F79EFBC}") = "CrossCutting.Contract", "CrossCutting.Contract\CrossCutting.Contract.csproj", "{858C172F-C101-4B28-8609-5DC0A995176A}"
EndProject
Project("{FAE04EC0-301F-11D3-BF4B-00C04F79EFBC}") = "DataAccess", "DataAccess\DataAccess.csproj", "{DD4E9394-B042-4DE9-9FA6-680763BB53E2}"
EndProject
Project("{FAE04EC0-301F-11D3-BF4B-00C04F79EFBC}") = "DataAccess.Contract", "DataAccess.Contract\DataAccess.Contract.csproj", "{5731CD53-5FF0-4961-97CA-1C493D290F69}"
EndProject
Project("{FAE04EC0-301F-11D3-BF4B-00C04F79EFBC}") = "Logic", "Logic\Logic.csproj", "{2B972F28-FE7F-44EC-9BF6-59216CB786ED}"
EndProject
Project("{FAE04EC0-301F-11D3-BF4B-00C04F79EFBC}") = "Logic.Contract", "Logic.Contract\Logic.Contract.csproj", "{A8B07FC6-E44A-4FF9-A75F-81CA58379CCD}"
EndProject
Global
	GlobalSection(SolutionConfigurationPlatforms) = preSolution
		Debug|Any CPU = Debug|Any CPU
		Release|Any CPU = Release|Any CPU
	EndGlobalSection
	GlobalSection(ProjectConfigurationPlatforms) = postSolution
		{D75AA8DA-482A-439A-B17E-EE6BEBA51CF5}.Debug|Any CPU.ActiveCfg = Debug|Any CPU
		{D75AA8DA-482A-439A-B17E-EE6BEBA51CF5}.Debug|Any CPU.Build.0 = Debug|Any CPU
		{D75AA8DA-482A-439A-B17E-EE6BEBA51CF5}.Release|Any CPU.ActiveCfg = Release|Any CPU
		{D75AA8DA-482A-439A-B17E-EE6BEBA51CF5}.Release|Any CPU.Build.0 = Release|Any CPU
		{D21E0822-ED34-45DD-89FD-B969B4DC83C3}.Debug|Any CPU.ActiveCfg = Debug|Any CPU
		{D21E0822-ED34-45DD-89FD-B969B4DC83C3}.Debug|Any CPU.Build.0 = Debug|Any CPU
		{D21E0822-ED34-45DD-89FD-B969B4DC83C3}.Release|Any CPU.ActiveCfg = Release|Any CPU
		{D21E0822-ED34-45DD-89FD-B969B4DC83C3}.Release|Any CPU.Build.0 = Release|Any CPU
		{9800E3FD-AD8D-4A41-983B-E8C5DF67CBE9}.Debug|Any CPU.ActiveCfg = Debug|Any CPU
		{9800E3FD-AD8D-4A41-983B-E8C5DF67CBE9}.Debug|Any CPU.Build.0 = Debug|Any CPU
		{9800E3FD-AD8D-4A41-983B-E8C5DF67CBE9}.Release|Any CPU.ActiveCfg = Release|Any CPU
		{9800E3FD-AD8D-4A41-983B-E8C5DF67CBE9}.Release|Any CPU.Build.0 = Release|Any CPU
		{858C172F-C101-4B28-8609-5DC0A995176A}.Debug|Any CPU.ActiveCfg = Debug|Any CPU
		{858C172F-C101-4B28-8609-5DC0A995176A}.Debug|Any CPU.Build.0 = Debug|Any CPU
		{858C172F-C101-4B28-8609-5DC0A995176A}.Release|Any CPU.ActiveCfg = Release|Any CPU
		{858C172F-C101-4B28-8609-5DC0A995176A}.Release|Any CPU.Build.0 = Release|Any CPU
		{DD4E9394-B042-4DE9-9FA6-680763BB53E2}.Debug|Any CPU.ActiveCfg = Debug|Any CPU
		{DD4E9394-B042-4DE9-9FA6-680763BB53E2}.Debug|Any CPU.Build.0 = Debug|Any CPU
		{DD4E9394-B042-4DE9-9FA6-680763BB53E2}.Release|Any CPU.ActiveCfg = Release|Any CPU
		{DD4E9394-B042-4DE9-9FA6-680763BB53E2}.Release|Any CPU.Build.0 = Release|Any CPU
		{5731CD53-5FF0-4961-97CA-1C493D290F69}.Debug|Any CPU.ActiveCfg = Debug|Any CPU
		{5731CD53-5FF0-4961-97CA-1C493D290F69}.Debug|Any CPU.Build.0 = Debug|Any CPU
		{5731CD53-5FF0-4961-97CA-1C493D290F69}.Release|Any CPU.ActiveCfg = Release|Any CPU
		{5731CD53-5FF0-4961-97CA-1C493D290F69}.Release|Any CPU.Build.0 = Release|Any CPU
		{2B972F28-FE7F-44EC-9BF6-59216CB786ED}.Debug|Any CPU.ActiveCfg = Debug|Any CPU
		{2B972F28-FE7F-44EC-9BF6-59216CB786ED}.Debug|Any CPU.Build.0 = Debug|Any CPU
		{2B972F28-FE7F-44EC-9BF6-59216CB786ED}.Release|Any CPU.ActiveCfg = Release|Any CPU
		{2B972F28-FE7F-44EC-9BF6-59216CB786ED}.Release|Any CPU.Build.0 = Release|Any CPU
		{A8B07FC6-E44A-4FF9-A75F-81CA58379CCD}.Debug|Any CPU.ActiveCfg = Debug|Any CPU
		{A8B07FC6-E44A-4FF9-A75F-81CA58379CCD}.Debug|Any CPU.Build.0 = Debug|Any CPU
		{A8B07FC6-E44A-4FF9-A75F-81CA58379CCD}.Release|Any CPU.ActiveCfg = Release|Any CPU
		{A8B07FC6-E44A-4FF9-A75F-81CA58379CCD}.Release|Any CPU.Build.0 = Release|Any CPU
	EndGlobalSection
	GlobalSection(SolutionProperties) = preSolution
		HideSolutionNode = FALSE
	EndGlobalSection
	GlobalSection(NestedProjects) = preSolution
		{D75AA8DA-482A-439A-B17E-EE6BEBA51CF5} = {4378A9B6-3535-4882-853A-C1983799FDD7}
		{D21E0822-ED34-45DD-89FD-B969B4DC83C3} = {DA40F6B2-71F9-4479-9002-AFD6EA592F0A}
		{9800E3FD-AD8D-4A41-983B-E8C5DF67CBE9} = {83FB42D8-814F-4917-97D8-E12E98D63DFC}
		{858C172F-C101-4B28-8609-5DC0A995176A} = {83FB42D8-814F-4917-97D8-E12E98D63DFC}
		{DD4E9394-B042-4DE9-9FA6-680763BB53E2} = {0AD3773E-4D16-4037-8D28-A5D76B13BB15}
		{5731CD53-5FF0-4961-97CA-1C493D290F69} = {0AD3773E-4D16-4037-8D28-A5D76B13BB15}
		{2B972F28-FE7F-44EC-9BF6-59216CB786ED} = {0A1D69D3-4EC2-48B8-852E-B91A5C52E1AE}
		{A8B07FC6-E44A-4FF9-A75F-81CA58379CCD} = {0A1D69D3-4EC2-48B8-852E-B91A5C52E1AE}
	EndGlobalSection
	GlobalSection(ExtensibilityGlobals) = postSolution
		SolutionGuid = {8B92A5FA-3405-4239-AB7A-D3476139A3B8}
	EndGlobalSection
EndGlobal
